
Microsoft Visual Studio Solution File, Format Version 12.00
# Visual Studio 2015
Project("{FAE04EC0-301F-11D3-BF4B-00C04F79EFBC}") = "MoBaClient.Plugins", "MoBaClient.Plugins.csproj", "{E5C98C5A-7417-F12E-BCD3-4FD3633BA58B}"
EndProject
Project("{FAE04EC0-301F-11D3-BF4B-00C04F79EFBC}") = "MoBaClient", "MoBaClient.csproj", "{7002FAEC-F42C-00C1-6A2C-6709DABAB8F2}"
EndProject
Project("{FAE04EC0-301F-11D3-BF4B-00C04F79EFBC}") = "MoBaClient.Editor.Plugins", "MoBaClient.Editor.Plugins.csproj", "{58588549-37FD-B666-5A5F-984EC8D81083}"
EndProject
Project("{FAE04EC0-301F-11D3-BF4B-00C04F79EFBC}") = "MoBaClient.Editor", "MoBaClient.Editor.csproj", "{898F3F73-A3D1-7E0E-BC0B-42D4C0638EB1}"
EndProject
Global
	GlobalSection(SolutionConfigurationPlatforms) = preSolution
		Debug|Any CPU = Debug|Any CPU
		Release|Any CPU = Release|Any CPU
	EndGlobalSection
	GlobalSection(ProjectConfigurationPlatforms) = postSolution
		{E5C98C5A-7417-F12E-BCD3-4FD3633BA58B}.Debug|Any CPU.ActiveCfg = Debug|Any CPU
		{E5C98C5A-7417-F12E-BCD3-4FD3633BA58B}.Debug|Any CPU.Build.0 = Debug|Any CPU
		{E5C98C5A-7417-F12E-BCD3-4FD3633BA58B}.Release|Any CPU.ActiveCfg = Release|Any CPU
		{E5C98C5A-7417-F12E-BCD3-4FD3633BA58B}.Release|Any CPU.Build.0 = Release|Any CPU
		{7002FAEC-F42C-00C1-6A2C-6709DABAB8F2}.Debug|Any CPU.ActiveCfg = Debug|Any CPU
		{7002FAEC-F42C-00C1-6A2C-6709DABAB8F2}.Debug|Any CPU.Build.0 = Debug|Any CPU
		{7002FAEC-F42C-00C1-6A2C-6709DABAB8F2}.Release|Any CPU.ActiveCfg = Release|Any CPU
		{7002FAEC-F42C-00C1-6A2C-6709DABAB8F2}.Release|Any CPU.Build.0 = Release|Any CPU
		{58588549-37FD-B666-5A5F-984EC8D81083}.Debug|Any CPU.ActiveCfg = Debug|Any CPU
		{58588549-37FD-B666-5A5F-984EC8D81083}.Debug|Any CPU.Build.0 = Debug|Any CPU
		{58588549-37FD-B666-5A5F-984EC8D81083}.Release|Any CPU.ActiveCfg = Release|Any CPU
		{58588549-37FD-B666-5A5F-984EC8D81083}.Release|Any CPU.Build.0 = Release|Any CPU
		{898F3F73-A3D1-7E0E-BC0B-42D4C0638EB1}.Debug|Any CPU.ActiveCfg = Debug|Any CPU
		{898F3F73-A3D1-7E0E-BC0B-42D4C0638EB1}.Debug|Any CPU.Build.0 = Debug|Any CPU
		{898F3F73-A3D1-7E0E-BC0B-42D4C0638EB1}.Release|Any CPU.ActiveCfg = Release|Any CPU
		{898F3F73-A3D1-7E0E-BC0B-42D4C0638EB1}.Release|Any CPU.Build.0 = Release|Any CPU
	EndGlobalSection
	GlobalSection(SolutionProperties) = preSolution
		HideSolutionNode = FALSE
	EndGlobalSection
EndGlobal
